
Microsoft Visual Studio Solution File, Format Version 12.00
# Visual Studio Version 16
VisualStudioVersion = 16.0.30523.141
MinimumVisualStudioVersion = 10.0.40219.1
Project("{FAE04EC0-301F-11D3-BF4B-00C04F79EFBC}") = "ChallengeFive_Console", "ChallengeFive\ChallengeFive_Console.csproj", "{80247DED-D19A-4638-8ADD-A55FB3B1B38C}"
EndProject
Project("{FAE04EC0-301F-11D3-BF4B-00C04F79EFBC}") = "ChallengeFive_Repository", "ChallengeFive_Repository\ChallengeFive_Repository.csproj", "{91907A1C-3ACE-463A-A04E-2D50B2230DCD}"
EndProject
Project("{FAE04EC0-301F-11D3-BF4B-00C04F79EFBC}") = "ChallengeFiveTests", "ChallengeFiveTests\ChallengeFiveTests.csproj", "{3942F44B-3DF7-4FD8-8E46-CD4F5998A250}"
EndProject
Project("{FAE04EC0-301F-11D3-BF4B-00C04F79EFBC}") = "ChallengeSix_Console", "ChallengeSix_Console\ChallengeSix_Console.csproj", "{1E359758-4C24-434C-9474-840ACB713EBB}"
EndProject
Project("{FAE04EC0-301F-11D3-BF4B-00C04F79EFBC}") = "ChallengeSix_Repository", "ChallengeSix_Repository\ChallengeSix_Repository.csproj", "{ABD389EF-A974-4FBB-88CD-7513A5F1C178}"
EndProject
Project("{FAE04EC0-301F-11D3-BF4B-00C04F79EFBC}") = "ChallengeSixTests", "ChallengeSixTests\ChallengeSixTests.csproj", "{7A523B3B-B636-469F-AAC6-25E824B076C5}"
EndProject
Global
	GlobalSection(SolutionConfigurationPlatforms) = preSolution
		Debug|Any CPU = Debug|Any CPU
		Release|Any CPU = Release|Any CPU
	EndGlobalSection
	GlobalSection(ProjectConfigurationPlatforms) = postSolution
		{80247DED-D19A-4638-8ADD-A55FB3B1B38C}.Debug|Any CPU.ActiveCfg = Debug|Any CPU
		{80247DED-D19A-4638-8ADD-A55FB3B1B38C}.Debug|Any CPU.Build.0 = Debug|Any CPU
		{80247DED-D19A-4638-8ADD-A55FB3B1B38C}.Release|Any CPU.ActiveCfg = Release|Any CPU
		{80247DED-D19A-4638-8ADD-A55FB3B1B38C}.Release|Any CPU.Build.0 = Release|Any CPU
		{91907A1C-3ACE-463A-A04E-2D50B2230DCD}.Debug|Any CPU.ActiveCfg = Debug|Any CPU
		{91907A1C-3ACE-463A-A04E-2D50B2230DCD}.Debug|Any CPU.Build.0 = Debug|Any CPU
		{91907A1C-3ACE-463A-A04E-2D50B2230DCD}.Release|Any CPU.ActiveCfg = Release|Any CPU
		{91907A1C-3ACE-463A-A04E-2D50B2230DCD}.Release|Any CPU.Build.0 = Release|Any CPU
		{3942F44B-3DF7-4FD8-8E46-CD4F5998A250}.Debug|Any CPU.ActiveCfg = Debug|Any CPU
		{3942F44B-3DF7-4FD8-8E46-CD4F5998A250}.Debug|Any CPU.Build.0 = Debug|Any CPU
		{3942F44B-3DF7-4FD8-8E46-CD4F5998A250}.Release|Any CPU.ActiveCfg = Release|Any CPU
		{3942F44B-3DF7-4FD8-8E46-CD4F5998A250}.Release|Any CPU.Build.0 = Release|Any CPU
		{1E359758-4C24-434C-9474-840ACB713EBB}.Debug|Any CPU.ActiveCfg = Debug|Any CPU
		{1E359758-4C24-434C-9474-840ACB713EBB}.Debug|Any CPU.Build.0 = Debug|Any CPU
		{1E359758-4C24-434C-9474-840ACB713EBB}.Release|Any CPU.ActiveCfg = Release|Any CPU
		{1E359758-4C24-434C-9474-840ACB713EBB}.Release|Any CPU.Build.0 = Release|Any CPU
		{ABD389EF-A974-4FBB-88CD-7513A5F1C178}.Debug|Any CPU.ActiveCfg = Debug|Any CPU
		{ABD389EF-A974-4FBB-88CD-7513A5F1C178}.Debug|Any CPU.Build.0 = Debug|Any CPU
		{ABD389EF-A974-4FBB-88CD-7513A5F1C178}.Release|Any CPU.ActiveCfg = Release|Any CPU
		{ABD389EF-A974-4FBB-88CD-7513A5F1C178}.Release|Any CPU.Build.0 = Release|Any CPU
		{7A523B3B-B636-469F-AAC6-25E824B076C5}.Debug|Any CPU.ActiveCfg = Debug|Any CPU
		{7A523B3B-B636-469F-AAC6-25E824B076C5}.Debug|Any CPU.Build.0 = Debug|Any CPU
		{7A523B3B-B636-469F-AAC6-25E824B076C5}.Release|Any CPU.ActiveCfg = Release|Any CPU
		{7A523B3B-B636-469F-AAC6-25E824B076C5}.Release|Any CPU.Build.0 = Release|Any CPU
	EndGlobalSection
	GlobalSection(SolutionProperties) = preSolution
		HideSolutionNode = FALSE
	EndGlobalSection
	GlobalSection(ExtensibilityGlobals) = postSolution
		SolutionGuid = {98667754-6992-4735-AD09-82470E1D685F}
	EndGlobalSection
EndGlobal
